
Microsoft Visual Studio Solution File, Format Version 12.00
# Visual Studio Version 17
VisualStudioVersion = 17.14.36408.4
MinimumVisualStudioVersion = 10.0.40219.1
Project("{FAE04EC0-301F-11D3-BF4B-00C04F79EFBC}") = "Caixa.Web", "Caixa.Web\Caixa.Web.csproj", "{AD8915A4-CE1D-4907-897E-89A28AAB2C5E}"
EndProject
Project("{FAE04EC0-301F-11D3-BF4B-00C04F79EFBC}") = "Caixa.UnitTests", "Caixa.UnitTests\Caixa.UnitTests.csproj", "{A2ECA590-6C40-4EB1-AB2B-A15087AA24D0}"
EndProject
Global
	GlobalSection(SolutionConfigurationPlatforms) = preSolution
		Debug|Any CPU = Debug|Any CPU
		Release|Any CPU = Release|Any CPU
	EndGlobalSection
	GlobalSection(ProjectConfigurationPlatforms) = postSolution
		{AD8915A4-CE1D-4907-897E-89A28AAB2C5E}.Debug|Any CPU.ActiveCfg = Debug|Any CPU
		{AD8915A4-CE1D-4907-897E-89A28AAB2C5E}.Debug|Any CPU.Build.0 = Debug|Any CPU
		{AD8915A4-CE1D-4907-897E-89A28AAB2C5E}.Release|Any CPU.ActiveCfg = Release|Any CPU
		{AD8915A4-CE1D-4907-897E-89A28AAB2C5E}.Release|Any CPU.Build.0 = Release|Any CPU
		{A2ECA590-6C40-4EB1-AB2B-A15087AA24D0}.Debug|Any CPU.ActiveCfg = Debug|Any CPU
		{A2ECA590-6C40-4EB1-AB2B-A15087AA24D0}.Debug|Any CPU.Build.0 = Debug|Any CPU
		{A2ECA590-6C40-4EB1-AB2B-A15087AA24D0}.Release|Any CPU.ActiveCfg = Release|Any CPU
		{A2ECA590-6C40-4EB1-AB2B-A15087AA24D0}.Release|Any CPU.Build.0 = Release|Any CPU
	EndGlobalSection
	GlobalSection(SolutionProperties) = preSolution
		HideSolutionNode = FALSE
	EndGlobalSection
	GlobalSection(ExtensibilityGlobals) = postSolution
		SolutionGuid = {C280778F-9F08-44EA-8CDF-D80F07712619}
	EndGlobalSection
EndGlobal
